
Microsoft Visual Studio Solution File, Format Version 12.00
# Visual Studio Version 17
VisualStudioVersion = 17.10.35004.147
MinimumVisualStudioVersion = 10.0.40219.1
Project("{FAE04EC0-301F-11D3-BF4B-00C04F79EFBC}") = "AgroAPI", "AgroAPI.csproj", "{1078FAA8-A413-4EC6-93CC-9AAAA3FF58B4}"
EndProject
Project("{FAE04EC0-301F-11D3-BF4B-00C04F79EFBC}") = "infraestructure", "..\infraestructure\infraestructure.csproj", "{65F1B57C-BE4A-45DF-A7EC-4B43472053F4}"
EndProject
Project("{FAE04EC0-301F-11D3-BF4B-00C04F79EFBC}") = "Application", "..\Application\Application.csproj", "{2627FB38-8FFE-4113-AFB2-51BF2A492C73}"
EndProject
Project("{FAE04EC0-301F-11D3-BF4B-00C04F79EFBC}") = "Domain", "..\Domain\Domain.csproj", "{F772113E-0B5C-44ED-A600-468B6D816E10}"
EndProject
Global
	GlobalSection(SolutionConfigurationPlatforms) = preSolution
		Debug|Any CPU = Debug|Any CPU
		Release|Any CPU = Release|Any CPU
	EndGlobalSection
	GlobalSection(ProjectConfigurationPlatforms) = postSolution
		{1078FAA8-A413-4EC6-93CC-9AAAA3FF58B4}.Debug|Any CPU.ActiveCfg = Debug|Any CPU
		{1078FAA8-A413-4EC6-93CC-9AAAA3FF58B4}.Debug|Any CPU.Build.0 = Debug|Any CPU
		{1078FAA8-A413-4EC6-93CC-9AAAA3FF58B4}.Release|Any CPU.ActiveCfg = Release|Any CPU
		{1078FAA8-A413-4EC6-93CC-9AAAA3FF58B4}.Release|Any CPU.Build.0 = Release|Any CPU
		{65F1B57C-BE4A-45DF-A7EC-4B43472053F4}.Debug|Any CPU.ActiveCfg = Debug|Any CPU
		{65F1B57C-BE4A-45DF-A7EC-4B43472053F4}.Debug|Any CPU.Build.0 = Debug|Any CPU
		{65F1B57C-BE4A-45DF-A7EC-4B43472053F4}.Release|Any CPU.ActiveCfg = Release|Any CPU
		{65F1B57C-BE4A-45DF-A7EC-4B43472053F4}.Release|Any CPU.Build.0 = Release|Any CPU
		{2627FB38-8FFE-4113-AFB2-51BF2A492C73}.Debug|Any CPU.ActiveCfg = Debug|Any CPU
		{2627FB38-8FFE-4113-AFB2-51BF2A492C73}.Debug|Any CPU.Build.0 = Debug|Any CPU
		{2627FB38-8FFE-4113-AFB2-51BF2A492C73}.Release|Any CPU.ActiveCfg = Release|Any CPU
		{2627FB38-8FFE-4113-AFB2-51BF2A492C73}.Release|Any CPU.Build.0 = Release|Any CPU
		{F772113E-0B5C-44ED-A600-468B6D816E10}.Debug|Any CPU.ActiveCfg = Debug|Any CPU
		{F772113E-0B5C-44ED-A600-468B6D816E10}.Debug|Any CPU.Build.0 = Debug|Any CPU
		{F772113E-0B5C-44ED-A600-468B6D816E10}.Release|Any CPU.ActiveCfg = Release|Any CPU
		{F772113E-0B5C-44ED-A600-468B6D816E10}.Release|Any CPU.Build.0 = Release|Any CPU
	EndGlobalSection
	GlobalSection(SolutionProperties) = preSolution
		HideSolutionNode = FALSE
	EndGlobalSection
	GlobalSection(ExtensibilityGlobals) = postSolution
		SolutionGuid = {1C27A364-AAAE-4321-801C-C198A1CB40BD}
	EndGlobalSection
EndGlobal
